
Microsoft Visual Studio Solution File, Format Version 12.00
# Visual Studio for Mac
Project("{FAE04EC0-301F-11D3-BF4B-00C04F79EFBC}") = "MinersBattle", "MinersBattle.csproj", "{47D2956A-D1A4-F123-8CCA-ED277194AF16}"
EndProject
Global
	GlobalSection(SolutionConfigurationPlatforms) = preSolution
		Debug|Any CPU = Debug|Any CPU
		Release|Any CPU = Release|Any CPU
	EndGlobalSection
	GlobalSection(ProjectConfigurationPlatforms) = postSolution
		{47D2956A-D1A4-F123-8CCA-ED277194AF16}.Debug|Any CPU.ActiveCfg = Debug|Any CPU
		{47D2956A-D1A4-F123-8CCA-ED277194AF16}.Debug|Any CPU.Build.0 = Debug|Any CPU
		{47D2956A-D1A4-F123-8CCA-ED277194AF16}.Release|Any CPU.ActiveCfg = Release|Any CPU
		{47D2956A-D1A4-F123-8CCA-ED277194AF16}.Release|Any CPU.Build.0 = Release|Any CPU
	EndGlobalSection
	GlobalSection(SolutionProperties) = preSolution
		HideSolutionNode = FALSE
	EndGlobalSection
EndGlobal
